
Microsoft Visual Studio Solution File, Format Version 12.00
# Visual Studio Version 17
VisualStudioVersion = 17.0.31815.197
MinimumVisualStudioVersion = 10.0.40219.1
Project("{D954291E-2A0B-460D-934E-DC6B0785DB48}") = "Playerdom.Shared", "Playerdom.Shared\Playerdom.Shared.shproj", "{A0CDBD0E-3A41-42B7-9425-A838BC2C7383}"
EndProject
Project("{9A19103F-16F7-4668-BE54-9A1E7A4F7556}") = "Playerdom.OpenGL", "Playerdom.OpenGL\Playerdom.OpenGL.csproj", "{F2E75153-7736-45ED-8256-6387555EF6F2}"
EndProject
Project("{9A19103F-16F7-4668-BE54-9A1E7A4F7556}") = "Playerdom.Server", "Playerdom.Server\Playerdom.Server.csproj", "{CF828FD7-11E4-4097-A707-BA5F4DB3443E}"
EndProject
Global
	GlobalSection(SharedMSBuildProjectFiles) = preSolution
		Playerdom.Shared\Playerdom.Shared.projitems*{a0cdbd0e-3a41-42b7-9425-a838bc2c7383}*SharedItemsImports = 13
		Playerdom.Shared\Playerdom.Shared.projitems*{cf828fd7-11e4-4097-a707-ba5f4db3443e}*SharedItemsImports = 5
		Playerdom.Shared\Playerdom.Shared.projitems*{f2e75153-7736-45ed-8256-6387555ef6f2}*SharedItemsImports = 5
	EndGlobalSection
	GlobalSection(SolutionConfigurationPlatforms) = preSolution
		Debug|Any CPU = Debug|Any CPU
		Debug|ARM = Debug|ARM
		Debug|x64 = Debug|x64
		Debug|x86 = Debug|x86
		Release|Any CPU = Release|Any CPU
		Release|ARM = Release|ARM
		Release|x64 = Release|x64
		Release|x86 = Release|x86
	EndGlobalSection
	GlobalSection(ProjectConfigurationPlatforms) = postSolution
		{F2E75153-7736-45ED-8256-6387555EF6F2}.Debug|Any CPU.ActiveCfg = Debug|Any CPU
		{F2E75153-7736-45ED-8256-6387555EF6F2}.Debug|Any CPU.Build.0 = Debug|Any CPU
		{F2E75153-7736-45ED-8256-6387555EF6F2}.Debug|ARM.ActiveCfg = Debug|Any CPU
		{F2E75153-7736-45ED-8256-6387555EF6F2}.Debug|ARM.Build.0 = Debug|Any CPU
		{F2E75153-7736-45ED-8256-6387555EF6F2}.Debug|x64.ActiveCfg = Debug|Any CPU
		{F2E75153-7736-45ED-8256-6387555EF6F2}.Debug|x64.Build.0 = Debug|Any CPU
		{F2E75153-7736-45ED-8256-6387555EF6F2}.Debug|x86.ActiveCfg = Debug|Any CPU
		{F2E75153-7736-45ED-8256-6387555EF6F2}.Debug|x86.Build.0 = Debug|Any CPU
		{F2E75153-7736-45ED-8256-6387555EF6F2}.Release|Any CPU.ActiveCfg = Release|Any CPU
		{F2E75153-7736-45ED-8256-6387555EF6F2}.Release|Any CPU.Build.0 = Release|Any CPU
		{F2E75153-7736-45ED-8256-6387555EF6F2}.Release|ARM.ActiveCfg = Release|Any CPU
		{F2E75153-7736-45ED-8256-6387555EF6F2}.Release|ARM.Build.0 = Release|Any CPU
		{F2E75153-7736-45ED-8256-6387555EF6F2}.Release|x64.ActiveCfg = Release|Any CPU
		{F2E75153-7736-45ED-8256-6387555EF6F2}.Release|x64.Build.0 = Release|Any CPU
		{F2E75153-7736-45ED-8256-6387555EF6F2}.Release|x86.ActiveCfg = Release|Any CPU
		{F2E75153-7736-45ED-8256-6387555EF6F2}.Release|x86.Build.0 = Release|Any CPU
		{CF828FD7-11E4-4097-A707-BA5F4DB3443E}.Debug|Any CPU.ActiveCfg = Debug|Any CPU
		{CF828FD7-11E4-4097-A707-BA5F4DB3443E}.Debug|Any CPU.Build.0 = Debug|Any CPU
		{CF828FD7-11E4-4097-A707-BA5F4DB3443E}.Debug|ARM.ActiveCfg = Debug|Any CPU
		{CF828FD7-11E4-4097-A707-BA5F4DB3443E}.Debug|ARM.Build.0 = Debug|Any CPU
		{CF828FD7-11E4-4097-A707-BA5F4DB3443E}.Debug|x64.ActiveCfg = Debug|Any CPU
		{CF828FD7-11E4-4097-A707-BA5F4DB3443E}.Debug|x64.Build.0 = Debug|Any CPU
		{CF828FD7-11E4-4097-A707-BA5F4DB3443E}.Debug|x86.ActiveCfg = Debug|Any CPU
		{CF828FD7-11E4-4097-A707-BA5F4DB3443E}.Debug|x86.Build.0 = Debug|Any CPU
		{CF828FD7-11E4-4097-A707-BA5F4DB3443E}.Release|Any CPU.ActiveCfg = Release|Any CPU
		{CF828FD7-11E4-4097-A707-BA5F4DB3443E}.Release|Any CPU.Build.0 = Release|Any CPU
		{CF828FD7-11E4-4097-A707-BA5F4DB3443E}.Release|ARM.ActiveCfg = Release|Any CPU
		{CF828FD7-11E4-4097-A707-BA5F4DB3443E}.Release|ARM.Build.0 = Release|Any CPU
		{CF828FD7-11E4-4097-A707-BA5F4DB3443E}.Release|x64.ActiveCfg = Release|Any CPU
		{CF828FD7-11E4-4097-A707-BA5F4DB3443E}.Release|x64.Build.0 = Release|Any CPU
		{CF828FD7-11E4-4097-A707-BA5F4DB3443E}.Release|x86.ActiveCfg = Release|Any CPU
		{CF828FD7-11E4-4097-A707-BA5F4DB3443E}.Release|x86.Build.0 = Release|Any CPU
	EndGlobalSection
	GlobalSection(SolutionProperties) = preSolution
		HideSolutionNode = FALSE
	EndGlobalSection
	GlobalSection(ExtensibilityGlobals) = postSolution
		SolutionGuid = {ADC81BDF-C99F-43F0-ACCD-3731A2B6E88E}
	EndGlobalSection
EndGlobal
