
Microsoft Visual Studio Solution File, Format Version 12.00
# Visual Studio Version 16
VisualStudioVersion = 16.0.29709.97
MinimumVisualStudioVersion = 10.0.40219.1
Project("{D954291E-2A0B-460D-934E-DC6B0785DB48}") = "Playerdom.Shared", "Playerdom.Shared\Playerdom.Shared.shproj", "{A0CDBD0E-3A41-42B7-9425-A838BC2C7383}"
EndProject
Project("{9A19103F-16F7-4668-BE54-9A1E7A4F7556}") = "Playerdom.Server", "Mapperdom.Server\Playerdom.Server.csproj", "{B0E83514-CE53-4238-97D6-B62C6FD4F733}"
EndProject
Project("{FAE04EC0-301F-11D3-BF4B-00C04F79EFBC}") = "Playerdom.Win32", "Playerdom.Win32\Playerdom.Win32.csproj", "{9A68042C-20B4-4C9D-A51C-5BED13D5F780}"
EndProject
Project("{FAE04EC0-301F-11D3-BF4B-00C04F79EFBC}") = "Playerdom.UWP", "Playerdom.UWP\Playerdom.UWP.csproj", "{EE7846D9-D96B-42A8-8C93-FBC914BF65B1}"
EndProject
Project("{9A19103F-16F7-4668-BE54-9A1E7A4F7556}") = "Playerdom.OpenGL", "Playerdom.OpenGL\Playerdom.OpenGL.csproj", "{F2E75153-7736-45ED-8256-6387555EF6F2}"
EndProject
Global
	GlobalSection(SharedMSBuildProjectFiles) = preSolution
		Playerdom.Shared\Playerdom.Shared.projitems*{9a68042c-20b4-4c9d-a51c-5bed13d5f780}*SharedItemsImports = 5
		Playerdom.Shared\Playerdom.Shared.projitems*{a0cdbd0e-3a41-42b7-9425-a838bc2c7383}*SharedItemsImports = 13
		Playerdom.Shared\Playerdom.Shared.projitems*{b0e83514-ce53-4238-97d6-b62c6fd4f733}*SharedItemsImports = 5
		Playerdom.Shared\Playerdom.Shared.projitems*{ee7846d9-d96b-42a8-8c93-fbc914bf65b1}*SharedItemsImports = 4
		Playerdom.Shared\Playerdom.Shared.projitems*{f2e75153-7736-45ed-8256-6387555ef6f2}*SharedItemsImports = 5
	EndGlobalSection
	GlobalSection(SolutionConfigurationPlatforms) = preSolution
		Debug|Any CPU = Debug|Any CPU
		Debug|ARM = Debug|ARM
		Debug|x64 = Debug|x64
		Debug|x86 = Debug|x86
		Release|Any CPU = Release|Any CPU
		Release|ARM = Release|ARM
		Release|x64 = Release|x64
		Release|x86 = Release|x86
	EndGlobalSection
	GlobalSection(ProjectConfigurationPlatforms) = postSolution
		{B0E83514-CE53-4238-97D6-B62C6FD4F733}.Debug|Any CPU.ActiveCfg = Debug|Any CPU
		{B0E83514-CE53-4238-97D6-B62C6FD4F733}.Debug|Any CPU.Build.0 = Debug|Any CPU
		{B0E83514-CE53-4238-97D6-B62C6FD4F733}.Debug|ARM.ActiveCfg = Debug|Any CPU
		{B0E83514-CE53-4238-97D6-B62C6FD4F733}.Debug|ARM.Build.0 = Debug|Any CPU
		{B0E83514-CE53-4238-97D6-B62C6FD4F733}.Debug|x64.ActiveCfg = Debug|Any CPU
		{B0E83514-CE53-4238-97D6-B62C6FD4F733}.Debug|x64.Build.0 = Debug|Any CPU
		{B0E83514-CE53-4238-97D6-B62C6FD4F733}.Debug|x86.ActiveCfg = Debug|Any CPU
		{B0E83514-CE53-4238-97D6-B62C6FD4F733}.Debug|x86.Build.0 = Debug|Any CPU
		{B0E83514-CE53-4238-97D6-B62C6FD4F733}.Release|Any CPU.ActiveCfg = Release|Any CPU
		{B0E83514-CE53-4238-97D6-B62C6FD4F733}.Release|Any CPU.Build.0 = Release|Any CPU
		{B0E83514-CE53-4238-97D6-B62C6FD4F733}.Release|ARM.ActiveCfg = Release|Any CPU
		{B0E83514-CE53-4238-97D6-B62C6FD4F733}.Release|ARM.Build.0 = Release|Any CPU
		{B0E83514-CE53-4238-97D6-B62C6FD4F733}.Release|x64.ActiveCfg = Release|Any CPU
		{B0E83514-CE53-4238-97D6-B62C6FD4F733}.Release|x64.Build.0 = Release|Any CPU
		{B0E83514-CE53-4238-97D6-B62C6FD4F733}.Release|x86.ActiveCfg = Release|Any CPU
		{B0E83514-CE53-4238-97D6-B62C6FD4F733}.Release|x86.Build.0 = Release|Any CPU
		{9A68042C-20B4-4C9D-A51C-5BED13D5F780}.Debug|Any CPU.ActiveCfg = Debug|x86
		{9A68042C-20B4-4C9D-A51C-5BED13D5F780}.Debug|ARM.ActiveCfg = Debug|x86
		{9A68042C-20B4-4C9D-A51C-5BED13D5F780}.Debug|x64.ActiveCfg = Debug|x86
		{9A68042C-20B4-4C9D-A51C-5BED13D5F780}.Debug|x86.ActiveCfg = Debug|x86
		{9A68042C-20B4-4C9D-A51C-5BED13D5F780}.Debug|x86.Build.0 = Debug|x86
		{9A68042C-20B4-4C9D-A51C-5BED13D5F780}.Release|Any CPU.ActiveCfg = Release|x86
		{9A68042C-20B4-4C9D-A51C-5BED13D5F780}.Release|ARM.ActiveCfg = Release|x86
		{9A68042C-20B4-4C9D-A51C-5BED13D5F780}.Release|x64.ActiveCfg = Release|x86
		{9A68042C-20B4-4C9D-A51C-5BED13D5F780}.Release|x86.ActiveCfg = Release|x86
		{9A68042C-20B4-4C9D-A51C-5BED13D5F780}.Release|x86.Build.0 = Release|x86
		{EE7846D9-D96B-42A8-8C93-FBC914BF65B1}.Debug|Any CPU.ActiveCfg = Debug|x86
		{EE7846D9-D96B-42A8-8C93-FBC914BF65B1}.Debug|ARM.ActiveCfg = Debug|ARM
		{EE7846D9-D96B-42A8-8C93-FBC914BF65B1}.Debug|ARM.Build.0 = Debug|ARM
		{EE7846D9-D96B-42A8-8C93-FBC914BF65B1}.Debug|ARM.Deploy.0 = Debug|ARM
		{EE7846D9-D96B-42A8-8C93-FBC914BF65B1}.Debug|x64.ActiveCfg = Debug|x64
		{EE7846D9-D96B-42A8-8C93-FBC914BF65B1}.Debug|x64.Build.0 = Debug|x64
		{EE7846D9-D96B-42A8-8C93-FBC914BF65B1}.Debug|x64.Deploy.0 = Debug|x64
		{EE7846D9-D96B-42A8-8C93-FBC914BF65B1}.Debug|x86.ActiveCfg = Debug|x86
		{EE7846D9-D96B-42A8-8C93-FBC914BF65B1}.Debug|x86.Build.0 = Debug|x86
		{EE7846D9-D96B-42A8-8C93-FBC914BF65B1}.Debug|x86.Deploy.0 = Debug|x86
		{EE7846D9-D96B-42A8-8C93-FBC914BF65B1}.Release|Any CPU.ActiveCfg = Release|x86
		{EE7846D9-D96B-42A8-8C93-FBC914BF65B1}.Release|ARM.ActiveCfg = Release|ARM
		{EE7846D9-D96B-42A8-8C93-FBC914BF65B1}.Release|ARM.Build.0 = Release|ARM
		{EE7846D9-D96B-42A8-8C93-FBC914BF65B1}.Release|ARM.Deploy.0 = Release|ARM
		{EE7846D9-D96B-42A8-8C93-FBC914BF65B1}.Release|x64.ActiveCfg = Release|x64
		{EE7846D9-D96B-42A8-8C93-FBC914BF65B1}.Release|x64.Build.0 = Release|x64
		{EE7846D9-D96B-42A8-8C93-FBC914BF65B1}.Release|x64.Deploy.0 = Release|x64
		{EE7846D9-D96B-42A8-8C93-FBC914BF65B1}.Release|x86.ActiveCfg = Release|x86
		{EE7846D9-D96B-42A8-8C93-FBC914BF65B1}.Release|x86.Build.0 = Release|x86
		{EE7846D9-D96B-42A8-8C93-FBC914BF65B1}.Release|x86.Deploy.0 = Release|x86
		{F2E75153-7736-45ED-8256-6387555EF6F2}.Debug|Any CPU.ActiveCfg = Debug|Any CPU
		{F2E75153-7736-45ED-8256-6387555EF6F2}.Debug|Any CPU.Build.0 = Debug|Any CPU
		{F2E75153-7736-45ED-8256-6387555EF6F2}.Debug|ARM.ActiveCfg = Debug|Any CPU
		{F2E75153-7736-45ED-8256-6387555EF6F2}.Debug|ARM.Build.0 = Debug|Any CPU
		{F2E75153-7736-45ED-8256-6387555EF6F2}.Debug|x64.ActiveCfg = Debug|Any CPU
		{F2E75153-7736-45ED-8256-6387555EF6F2}.Debug|x64.Build.0 = Debug|Any CPU
		{F2E75153-7736-45ED-8256-6387555EF6F2}.Debug|x86.ActiveCfg = Debug|Any CPU
		{F2E75153-7736-45ED-8256-6387555EF6F2}.Debug|x86.Build.0 = Debug|Any CPU
		{F2E75153-7736-45ED-8256-6387555EF6F2}.Release|Any CPU.ActiveCfg = Release|Any CPU
		{F2E75153-7736-45ED-8256-6387555EF6F2}.Release|Any CPU.Build.0 = Release|Any CPU
		{F2E75153-7736-45ED-8256-6387555EF6F2}.Release|ARM.ActiveCfg = Release|Any CPU
		{F2E75153-7736-45ED-8256-6387555EF6F2}.Release|ARM.Build.0 = Release|Any CPU
		{F2E75153-7736-45ED-8256-6387555EF6F2}.Release|x64.ActiveCfg = Release|Any CPU
		{F2E75153-7736-45ED-8256-6387555EF6F2}.Release|x64.Build.0 = Release|Any CPU
		{F2E75153-7736-45ED-8256-6387555EF6F2}.Release|x86.ActiveCfg = Release|Any CPU
		{F2E75153-7736-45ED-8256-6387555EF6F2}.Release|x86.Build.0 = Release|Any CPU
	EndGlobalSection
	GlobalSection(SolutionProperties) = preSolution
		HideSolutionNode = FALSE
	EndGlobalSection
	GlobalSection(ExtensibilityGlobals) = postSolution
		SolutionGuid = {ADC81BDF-C99F-43F0-ACCD-3731A2B6E88E}
	EndGlobalSection
EndGlobal
